
Microsoft Visual Studio Solution File, Format Version 12.00
# Visual Studio Version 16
VisualStudioVersion = 16.0.30717.126
MinimumVisualStudioVersion = 10.0.40219.1
Project("{FAE04EC0-301F-11D3-BF4B-00C04F79EFBC}") = "Module3HW5", "Module3HW5\Module3HW5.csproj", "{071BB676-3C9F-4DE5-A3A5-E6F3D30A02B4}"
EndProject
Global
	GlobalSection(SolutionConfigurationPlatforms) = preSolution
		Debug|Any CPU = Debug|Any CPU
		Release|Any CPU = Release|Any CPU
	EndGlobalSection
	GlobalSection(ProjectConfigurationPlatforms) = postSolution
		{071BB676-3C9F-4DE5-A3A5-E6F3D30A02B4}.Debug|Any CPU.ActiveCfg = Debug|Any CPU
		{071BB676-3C9F-4DE5-A3A5-E6F3D30A02B4}.Debug|Any CPU.Build.0 = Debug|Any CPU
		{071BB676-3C9F-4DE5-A3A5-E6F3D30A02B4}.Release|Any CPU.ActiveCfg = Release|Any CPU
		{071BB676-3C9F-4DE5-A3A5-E6F3D30A02B4}.Release|Any CPU.Build.0 = Release|Any CPU
	EndGlobalSection
	GlobalSection(SolutionProperties) = preSolution
		HideSolutionNode = FALSE
	EndGlobalSection
	GlobalSection(ExtensibilityGlobals) = postSolution
		SolutionGuid = {3F05527D-2576-4D09-A726-FB80EB554EE5}
	EndGlobalSection
EndGlobal
